# @generated - this file is auto-generated by `mise lock` https://mise.jdx.dev/dev-tools/mise-lock.html

[[tools.gh]]
version = "2.88.1"
backend = "aqua:cli/cli"

[tools.gh."platforms.linux-arm64"]
checksum = "sha256:039ce25aab0cfa0ea5160e3db75ed44699bde4b20ff63ec5991f82201f1b33b8"
url = "https://github.com/cli/cli/releases/download/v2.88.1/gh_2.88.1_linux_arm64.tar.gz"
url_api = "https://api.github.com/repos/cli/cli/releases/assets/372317913"
provenance = "github-attestations"

[tools.gh."platforms.linux-arm64-musl"]
checksum = "sha256:039ce25aab0cfa0ea5160e3db75ed44699bde4b20ff63ec5991f82201f1b33b8"
url = "https://github.com/cli/cli/releases/download/v2.88.1/gh_2.88.1_linux_arm64.tar.gz"
url_api = "https://api.github.com/repos/cli/cli/releases/assets/372317913"
provenance = "github-attestations"

[tools.gh."platforms.linux-x64"]
checksum = "sha256:36352a993b97e9758793cdb87f9ba674bd6d88c914488e122be78a1962203803"
url = "https://github.com/cli/cli/releases/download/v2.88.1/gh_2.88.1_linux_amd64.tar.gz"
url_api = "https://api.github.com/repos/cli/cli/releases/assets/372317909"
provenance = "github-attestations"

[tools.gh."platforms.linux-x64-musl"]
checksum = "sha256:36352a993b97e9758793cdb87f9ba674bd6d88c914488e122be78a1962203803"
url = "https://github.com/cli/cli/releases/download/v2.88.1/gh_2.88.1_linux_amd64.tar.gz"
url_api = "https://api.github.com/repos/cli/cli/releases/assets/372317909"
provenance = "github-attestations"

[tools.gh."platforms.macos-arm64"]
checksum = "sha256:bdbeed4821d450ef0d14821d856c05b308ab449fbf60527f298d96fbf5d2447b"
url = "https://github.com/cli/cli/releases/download/v2.88.1/gh_2.88.1_macOS_arm64.zip"
url_api = "https://api.github.com/repos/cli/cli/releases/assets/372317935"
provenance = "github-attestations"

[tools.gh."platforms.macos-x64"]
checksum = "sha256:ff0fc4bdb9699f0c02e5bcdcbd09d0f8e4c4659aa5d30bcd39a3557ed7379b2e"
url = "https://github.com/cli/cli/releases/download/v2.88.1/gh_2.88.1_macOS_amd64.zip"
url_api = "https://api.github.com/repos/cli/cli/releases/assets/372317933"
provenance = "github-attestations"

[tools.gh."platforms.windows-x64"]
checksum = "sha256:8fdaac525d8919f9f8c265f99ffa26189e5f1fd3a35636adad4fd890a141a555"
url = "https://github.com/cli/cli/releases/download/v2.88.1/gh_2.88.1_windows_amd64.zip"
url_api = "https://api.github.com/repos/cli/cli/releases/assets/372317959"
provenance = "github-attestations"

[[tools."github:git-town/git-town"]]
version = "22.5.0"
backend = "github:git-town/git-town"

[tools."github:git-town/git-town"."platforms.linux-arm64"]
checksum = "sha256:535229db89dad05f3df21ac2e1db2a1cc9fb23c92bfad720a3c56483254901cb"
url = "https://github.com/git-town/git-town/releases/download/v22.5.0/git-town_linux_arm_64.tar.gz"
url_api = "https://api.github.com/repos/git-town/git-town/releases/assets/346274733"
provenance = "github-attestations"

[tools."github:git-town/git-town"."platforms.linux-arm64-musl"]
checksum = "sha256:535229db89dad05f3df21ac2e1db2a1cc9fb23c92bfad720a3c56483254901cb"
url = "https://github.com/git-town/git-town/releases/download/v22.5.0/git-town_linux_arm_64.tar.gz"
url_api = "https://api.github.com/repos/git-town/git-town/releases/assets/346274733"
provenance = "github-attestations"

[tools."github:git-town/git-town"."platforms.linux-x64"]
checksum = "sha256:22cac746762f770400a50c49bb79150a2f062dd4bf42a5026d046e5d2ac977c6"
url = "https://github.com/git-town/git-town/releases/download/v22.5.0/git-town_linux_intel_64.tar.gz"
url_api = "https://api.github.com/repos/git-town/git-town/releases/assets/346274734"
provenance = "github-attestations"
provenance_verified = true

[tools."github:git-town/git-town"."platforms.linux-x64-musl"]
checksum = "sha256:22cac746762f770400a50c49bb79150a2f062dd4bf42a5026d046e5d2ac977c6"
url = "https://github.com/git-town/git-town/releases/download/v22.5.0/git-town_linux_intel_64.tar.gz"
url_api = "https://api.github.com/repos/git-town/git-town/releases/assets/346274734"
provenance = "github-attestations"

[tools."github:git-town/git-town"."platforms.macos-arm64"]
checksum = "sha256:f521eeb34dee4654127fa489b345f62383cbd80286aa8b73692fe41488317bef"
url = "https://github.com/git-town/git-town/releases/download/v22.5.0/git-town_macos_arm_64.tar.gz"
url_api = "https://api.github.com/repos/git-town/git-town/releases/assets/346274779"
provenance = "github-attestations"

[tools."github:git-town/git-town"."platforms.macos-x64"]
checksum = "sha256:cc7e0422fc71df3f17aeb887a9b5d7cc1a06f071575895437bf3968c02f1678d"
url = "https://github.com/git-town/git-town/releases/download/v22.5.0/git-town_macos_intel_64.tar.gz"
url_api = "https://api.github.com/repos/git-town/git-town/releases/assets/346274776"
provenance = "github-attestations"

[tools."github:git-town/git-town"."platforms.windows-x64"]
checksum = "sha256:0b3b9d937a6a917daadc05cbba4020d900b0776beefec43fbe30615182c212ec"
url = "https://github.com/git-town/git-town/releases/download/v22.5.0/git-town_windows_intel_64.zip"
url_api = "https://api.github.com/repos/git-town/git-town/releases/assets/346274775"
provenance = "github-attestations"

[[tools.node]]
version = "25.4.0"
backend = "core:node"

[tools.node.options]
compile = "false"

[tools.node."platforms.linux-arm64"]
checksum = "sha256:b059f504162053f4a5d71e85f3d1d89032a7c14eb1a7223c76ef2ff9ce34612c"
url = "https://nodejs.org/dist/v25.4.0/node-v25.4.0-linux-arm64.tar.gz"

[tools.node."platforms.linux-arm64-musl"]
checksum = "sha256:4c8c9d0192f514020b6b4e5458c4bc8195f792114f484b036bb048f9dd2b7a42"
url = "https://unofficial-builds.nodejs.org/download/release/v25.4.0/node-v25.4.0-linux-arm64-musl.tar.gz"

[tools.node."platforms.linux-x64"]
checksum = "sha256:5951a889ab65b3a73cc88e6d412d70499f523a89fe553b5349471af7586f2be2"
url = "https://nodejs.org/dist/v25.4.0/node-v25.4.0-linux-x64.tar.gz"

[tools.node."platforms.linux-x64-musl"]
checksum = "sha256:679c74cc099073c57e4f3c832f897993e4d948253cd648dcbb401b2b214aa841"
url = "https://unofficial-builds.nodejs.org/download/release/v25.4.0/node-v25.4.0-linux-x64-musl.tar.gz"

[tools.node."platforms.macos-arm64"]
checksum = "sha256:bfa7af56c0f24074d7a6c5b08d837b8be211f44db5fcc93dcb2cb96153e49b65"
url = "https://nodejs.org/dist/v25.4.0/node-v25.4.0-darwin-arm64.tar.gz"

[tools.node."platforms.macos-x64"]
checksum = "sha256:1c75d67c9416c61a948c7cd5662b4293daa0e5a9ddac664f17921ccd5d41a016"
url = "https://nodejs.org/dist/v25.4.0/node-v25.4.0-darwin-x64.tar.gz"

[tools.node."platforms.windows-x64"]
checksum = "sha256:5a5fcd17bc7567645c85b016cd428e4cd9e54796994651be3f3709768714e002"
url = "https://nodejs.org/dist/v25.4.0/node-v25.4.0-win-x64.zip"

[[tools.pnpm]]
version = "10.34.5"
backend = "aqua:pnpm/pnpm"

[tools.pnpm."platforms.linux-arm64"]
checksum = "sha256:22391362c31edf522fd698d0b43d38fe9228e28d5b5e32124ffd0038fb60f9f0"
url = "https://github.com/pnpm/pnpm/releases/download/v10.34.5/pnpm-linux-arm64"
url_api = "https://api.github.com/repos/pnpm/pnpm/releases/assets/472419173"

[tools.pnpm."platforms.linux-arm64-musl"]
checksum = "sha256:22391362c31edf522fd698d0b43d38fe9228e28d5b5e32124ffd0038fb60f9f0"
url = "https://github.com/pnpm/pnpm/releases/download/v10.34.5/pnpm-linux-arm64"
url_api = "https://api.github.com/repos/pnpm/pnpm/releases/assets/472419173"

[tools.pnpm."platforms.linux-x64"]
checksum = "sha256:69a535476f407fb0f64427913c2b592ca2ed6bf93f92e2cb82a32349e31f36eb"
url = "https://github.com/pnpm/pnpm/releases/download/v10.34.5/pnpm-linux-x64"
url_api = "https://api.github.com/repos/pnpm/pnpm/releases/assets/472419171"

[tools.pnpm."platforms.linux-x64-musl"]
checksum = "sha256:69a535476f407fb0f64427913c2b592ca2ed6bf93f92e2cb82a32349e31f36eb"
url = "https://github.com/pnpm/pnpm/releases/download/v10.34.5/pnpm-linux-x64"
url_api = "https://api.github.com/repos/pnpm/pnpm/releases/assets/472419171"

[tools.pnpm."platforms.macos-arm64"]
checksum = "sha256:888389e8dd5ed45279043c1d3383c0942a8248b3d29ce614b302f468191f7659"
url = "https://github.com/pnpm/pnpm/releases/download/v10.34.5/pnpm-macos-arm64"
url_api = "https://api.github.com/repos/pnpm/pnpm/releases/assets/472419170"

[tools.pnpm."platforms.macos-x64"]
checksum = "sha256:4deaaaf1c0246fc4230f6450959f932dbc2abfd2686f8515dabf97b0717cb9b1"
url = "https://github.com/pnpm/pnpm/releases/download/v10.34.5/pnpm-macos-x64"
url_api = "https://api.github.com/repos/pnpm/pnpm/releases/assets/472419168"

[tools.pnpm."platforms.windows-x64"]
checksum = "sha256:fa9f420f55723453aaa99a98ca720e9d0e9f58cc808953669927bf15a95b4542"
url = "https://github.com/pnpm/pnpm/releases/download/v10.34.5/pnpm-win-x64.exe"
url_api = "https://api.github.com/repos/pnpm/pnpm/releases/assets/472419169"

[[tools.restic]]
version = "0.19.1"
backend = "aqua:restic/restic"

[tools.restic."platforms.linux-arm64"]
checksum = "sha256:a5f64aaab53d51e311fa3829124c5b703f2d14cf187d8640b6be3b2b49376465"
url = "https://github.com/restic/restic/releases/download/v0.19.1/restic_0.19.1_linux_arm64.bz2"
url_api = "https://api.github.com/repos/restic/restic/releases/assets/466999588"

[tools.restic."platforms.linux-arm64-musl"]
checksum = "sha256:a5f64aaab53d51e311fa3829124c5b703f2d14cf187d8640b6be3b2b49376465"
url = "https://github.com/restic/restic/releases/download/v0.19.1/restic_0.19.1_linux_arm64.bz2"
url_api = "https://api.github.com/repos/restic/restic/releases/assets/466999588"

[tools.restic."platforms.linux-x64"]
checksum = "sha256:f415415624dcc452f2a02b8c33641791a8c6d6d3b65bbb3543fcf9a25151585c"
url = "https://github.com/restic/restic/releases/download/v0.19.1/restic_0.19.1_linux_amd64.bz2"
url_api = "https://api.github.com/repos/restic/restic/releases/assets/466999719"

[tools.restic."platforms.linux-x64-musl"]
checksum = "sha256:f415415624dcc452f2a02b8c33641791a8c6d6d3b65bbb3543fcf9a25151585c"
url = "https://github.com/restic/restic/releases/download/v0.19.1/restic_0.19.1_linux_amd64.bz2"
url_api = "https://api.github.com/repos/restic/restic/releases/assets/466999719"

[tools.restic."platforms.macos-arm64"]
checksum = "sha256:7be0a144ccc377880f294204aa271d76e4b79554b42a751151d425ce6ebac143"
url = "https://github.com/restic/restic/releases/download/v0.19.1/restic_0.19.1_darwin_arm64.bz2"
url_api = "https://api.github.com/repos/restic/restic/releases/assets/467000314"

[tools.restic."platforms.macos-x64"]
checksum = "sha256:c38d579622cf602f665234c5a8c315030b6cf70656028fe6dc29a786b60e5f35"
url = "https://github.com/restic/restic/releases/download/v0.19.1/restic_0.19.1_darwin_amd64.bz2"
url_api = "https://api.github.com/repos/restic/restic/releases/assets/467000400"

[tools.restic."platforms.windows-x64"]
checksum = "sha256:da948ad707ed690426473aaba2046cd61f8f90f6f0e7dab6be0d5796531de67d"
url = "https://github.com/restic/restic/releases/download/v0.19.1/restic_0.19.1_windows_amd64.zip"
url_api = "https://api.github.com/repos/restic/restic/releases/assets/466998668"
